# This file is generated by running "yarn install" inside your project.
# Manual changes might be lost - proceed with caution!

__metadata:
  version: 6
  cacheKey: 8

"@tinyhttp/accepts@npm:2.0.5":
  version: 2.0.5
  resolution: "@tinyhttp/accepts@npm:2.0.5"
  dependencies:
    es-mime-types: ^0.1.4
    negotiator: ^0.6.2
  checksum: 6ed7c8780757ac9278036b410d59d36b6b7083ccda9091335af86681f04176de96aad2c9bd0a86314c2e69f391af2bf63b801fa3e8211d107ed20e5f6c119f13
  languageName: node
  linkType: hard

"@tinyhttp/app@npm:^2.0.20":
  version: 2.0.20
  resolution: "@tinyhttp/app@npm:2.0.20"
  dependencies:
    "@tinyhttp/cookie": 2.0.3
    "@tinyhttp/proxy-addr": 2.0.3
    "@tinyhttp/req": 2.0.12
    "@tinyhttp/res": 2.0.15
    "@tinyhttp/router": 2.0.4
    header-range-parser: 1.1.3
    regexparam: ^2.0.0
  checksum: db62d2ba62d6131cc50c2249836bbf948b475b17960cac9ce3e52174540e251a08b529acc461444837a0654a32c92396a565b53e066f211bfbe6ff816afae353
  languageName: node
  linkType: hard

"@tinyhttp/content-disposition@npm:2.0.5":
  version: 2.0.5
  resolution: "@tinyhttp/content-disposition@npm:2.0.5"
  checksum: 9199a1d043799e024cf8bc06ac0754e07c4a7a92d293b4a6b321bb6ed33d440cb6f291e6997471176ff011a7172c169f5ccdb158f64c9d84457117f6af5d9b1d
  languageName: node
  linkType: hard

"@tinyhttp/cookie-signature@npm:2.0.3":
  version: 2.0.3
  resolution: "@tinyhttp/cookie-signature@npm:2.0.3"
  checksum: 106bdead594ca9d914de188444262aa6b68cf872d63f52bcf5d96c24030885ef7b01dcb63b468cb45c5a42df65ec3933722a7bbdcebb3d483657ca1593f8d0d1
  languageName: node
  linkType: hard

"@tinyhttp/cookie@npm:2.0.3":
  version: 2.0.3
  resolution: "@tinyhttp/cookie@npm:2.0.3"
  checksum: da322072733c4fc75319244b4266268ed2f16149102677e79cdb0f156b39d96ac7df1643e9679762b29bb8442f16fdf30d6c0718d05d79e8bd02d16743532e09
  languageName: node
  linkType: hard

"@tinyhttp/encode-url@npm:2.0.4":
  version: 2.0.4
  resolution: "@tinyhttp/encode-url@npm:2.0.4"
  checksum: aa4d9c674ad1243fbf7939a707809e9fe196f1b55724735ab90b4daae6b588442584337768e3a513d8fcb7933c9b0fec23e260811451d4df4e62641e6b51c093
  languageName: node
  linkType: hard

"@tinyhttp/etag@npm:2.0.3":
  version: 2.0.3
  resolution: "@tinyhttp/etag@npm:2.0.3"
  checksum: 77225f44582478d8f588a2bb8267d32cf3ac35867109ae81706676928c074e9f51130bbdd1e90ca88c83a7df420a34dead58ecfd4366ab23aff7ae7d6ee8ff9f
  languageName: node
  linkType: hard

"@tinyhttp/forwarded@npm:2.0.3":
  version: 2.0.3
  resolution: "@tinyhttp/forwarded@npm:2.0.3"
  checksum: 4d774a6dc9d998e7858b79ab76ca34e6313ee3f5943aa9664092df4d8d8218ad03bc7ca091c94719248ce0e4fbea9f1af3cc258fd096afc8ec6b5eb0f0b97001
  languageName: node
  linkType: hard

"@tinyhttp/proxy-addr@npm:2.0.3":
  version: 2.0.3
  resolution: "@tinyhttp/proxy-addr@npm:2.0.3"
  dependencies:
    "@tinyhttp/forwarded": 2.0.3
    ipaddr.js: ^2.0.1
  checksum: c64b8016b67c3b53828223f8ccde1fb797b3dc2df5474c89b9a0b40b7f5a8499d3473568baa3a2050a9236e6cd7f551591084be7b7762a7dad4ec459f290785d
  languageName: node
  linkType: hard

"@tinyhttp/req@npm:2.0.12":
  version: 2.0.12
  resolution: "@tinyhttp/req@npm:2.0.12"
  dependencies:
    "@tinyhttp/accepts": 2.0.5
    "@tinyhttp/type-is": 2.0.4
    "@tinyhttp/url": 2.0.5
    es-fresh: ^0.0.10
    header-range-parser: ^1.1.3
  checksum: 6a88e72bb824a4766a6304a7e082e7a043a2558cd94841fcc13c27494d74d59d0101b65e92962567a71dcf92127f5f2708360b81637eae1b1d625fe5a7ddcedc
  languageName: node
  linkType: hard

"@tinyhttp/res@npm:2.0.15":
  version: 2.0.15
  resolution: "@tinyhttp/res@npm:2.0.15"
  dependencies:
    "@tinyhttp/content-disposition": 2.0.5
    "@tinyhttp/cookie": 2.0.3
    "@tinyhttp/cookie-signature": 2.0.3
    "@tinyhttp/encode-url": 2.0.4
    "@tinyhttp/req": 2.0.12
    "@tinyhttp/send": 2.0.4
    es-escape-html: ^0.1.1
    es-mime-types: ^0.1.4
    es-vary: ^0.1.1
  checksum: 61562345d48e9c321fa13afe596f99a7821811db765b6ec88ef45acbb5616cdc4a3b33b94042f9c719e4754aa41323c79b267c3b3fc2d55f4b0f81e1aee0d5cc
  languageName: node
  linkType: hard

"@tinyhttp/router@npm:2.0.4":
  version: 2.0.4
  resolution: "@tinyhttp/router@npm:2.0.4"
  checksum: b9b579b772d0d94f9aa0c93478b076e458d9874389537478071681acbe0c66b011637d9429ee246789adeb2a843306f85a4534bb45de61c912c89809751140b2
  languageName: node
  linkType: hard

"@tinyhttp/send@npm:2.0.4":
  version: 2.0.4
  resolution: "@tinyhttp/send@npm:2.0.4"
  dependencies:
    "@tinyhttp/etag": 2.0.3
    es-content-type: ^0.1.0
    es-mime-types: ^0.1.4
  checksum: 1e1387b3f26bd0155f805e7d67f8982c84408946760fe769e98efeb6bc8fad96c12e4762a476e844122ec40ebd526779ebeb9ce5d46360b76c7ca84346a55b71
  languageName: node
  linkType: hard

"@tinyhttp/type-is@npm:2.0.4":
  version: 2.0.4
  resolution: "@tinyhttp/type-is@npm:2.0.4"
  dependencies:
    es-content-type: ^0.1.0
    es-mime-types: ^0.1.4
  checksum: 5c759453d5b29c5037b194f5ea7356ec183994be2e145abee427f7f8eb6741e9ba93a10311de0cd497643640786622351bddf9f849c94fbc06fef153b993a54e
  languageName: node
  linkType: hard

"@tinyhttp/url@npm:2.0.5":
  version: 2.0.5
  resolution: "@tinyhttp/url@npm:2.0.5"
  checksum: 5eede1662aeab7e74e0dbb6caf94c6b135c0dffe5df6b023cf1ab2dcef8c0c3e07ae709f7b010051ecfe2b1767bdc079ea4914af5bfc2365d72935c641b54a14
  languageName: node
  linkType: hard

"@yarnpkg/esbuild-plugin-pnp@npm:^3.0.0-rc.5":
  version: 3.0.0-rc.5
  resolution: "@yarnpkg/esbuild-plugin-pnp@npm:3.0.0-rc.5"
  dependencies:
    tslib: ^1.13.0
  peerDependencies:
    esbuild: ">=0.10.0"
  checksum: 882e10ade928e619231cc4cbf8120960b73f946ffdd77286da2d591a1aff4a6c3e7dc274b98856bd83ddabad280668fc629836bf58b98ddc6f3e4c86d1a4d48f
  languageName: node
  linkType: hard

"api@workspace:.":
  version: 0.0.0-use.local
  resolution: "api@workspace:."
  dependencies:
    "@tinyhttp/app": ^2.0.20
    "@yarnpkg/esbuild-plugin-pnp": ^3.0.0-rc.5
    esbuild: ^0.14.32
    milliparsec: ^2.2.1
  languageName: unknown
  linkType: soft

"es-content-type@npm:^0.1.0":
  version: 0.1.0
  resolution: "es-content-type@npm:0.1.0"
  checksum: 1623ec23b66cf4e6796f769e64cf5de8471ae1a3ef34d932693008a28105ecd7c4dd5f2163a44800a1e78520054fe43e436ba7de4b241843b4a9c60a86184ceb
  languageName: node
  linkType: hard

"es-escape-html@npm:^0.1.1":
  version: 0.1.1
  resolution: "es-escape-html@npm:0.1.1"
  checksum: 26f5174516e40cb7856cb7d60fba202084c4cebc0910970b66aa2453325af2bc0bcb8b4f95bc909fba7feb37ebde4a3fbd204e4d59cacd9fdd64a2ffd6d2da30
  languageName: node
  linkType: hard

"es-fresh@npm:^0.0.10":
  version: 0.0.10
  resolution: "es-fresh@npm:0.0.10"
  checksum: 528318d2298732ab070ca490d3b9479d4e4341d7135be45b6eb4001054baa2f54ff3fa1e2b2afad579b106408af59e76df4ba2aadbf144423b1beb091bad2bad
  languageName: node
  linkType: hard

"es-mime-types@npm:^0.1.4":
  version: 0.1.4
  resolution: "es-mime-types@npm:0.1.4"
  dependencies:
    mime-db: ^1.50.0
  checksum: 3f246b28660ae4030cd72e84f09a8b9b259cb83878d643ca872b69ca248ff9e73fff66d90679fd08a575a13a0b36808510a79c0310eee4ecf1008f1ef03bb17c
  languageName: node
  linkType: hard

"es-vary@npm:^0.1.1":
  version: 0.1.2
  resolution: "es-vary@npm:0.1.2"
  checksum: 57135ad6f21c651d6f8e549e54878d44dd5d1bfb7be94edea7a51839c1a3cd59484d5b86e027e069c447c2bb322b83f6230ef74cd510e708ca2fc3dc12023eba
  languageName: node
  linkType: hard

"esbuild-android-64@npm:0.14.38":
  version: 0.14.38
  resolution: "esbuild-android-64@npm:0.14.38"
  conditions: os=android & cpu=x64
  languageName: node
  linkType: hard

"esbuild-android-arm64@npm:0.14.38":
  version: 0.14.38
  resolution: "esbuild-android-arm64@npm:0.14.38"
  conditions: os=android & cpu=arm64
  languageName: node
  linkType: hard

"esbuild-darwin-64@npm:0.14.38":
  version: 0.14.38
  resolution: "esbuild-darwin-64@npm:0.14.38"
  conditions: os=darwin & cpu=x64
  languageName: node
  linkType: hard

"esbuild-darwin-arm64@npm:0.14.38":
  version: 0.14.38
  resolution: "esbuild-darwin-arm64@npm:0.14.38"
  conditions: os=darwin & cpu=arm64
  languageName: node
  linkType: hard

"esbuild-freebsd-64@npm:0.14.38":
  version: 0.14.38
  resolution: "esbuild-freebsd-64@npm:0.14.38"
  conditions: os=freebsd & cpu=x64
  languageName: node
  linkType: hard

"esbuild-freebsd-arm64@npm:0.14.38":
  version: 0.14.38
  resolution: "esbuild-freebsd-arm64@npm:0.14.38"
  conditions: os=freebsd & cpu=arm64
  languageName: node
  linkType: hard

"esbuild-linux-32@npm:0.14.38":
  version: 0.14.38
  resolution: "esbuild-linux-32@npm:0.14.38"
  conditions: os=linux & cpu=ia32
  languageName: node
  linkType: hard

"esbuild-linux-64@npm:0.14.38":
  version: 0.14.38
  resolution: "esbuild-linux-64@npm:0.14.38"
  conditions: os=linux & cpu=x64
  languageName: node
  linkType: hard

"esbuild-linux-arm64@npm:0.14.38":
  version: 0.14.38
  resolution: "esbuild-linux-arm64@npm:0.14.38"
  conditions: os=linux & cpu=arm64
  languageName: node
  linkType: hard

"esbuild-linux-arm@npm:0.14.38":
  version: 0.14.38
  resolution: "esbuild-linux-arm@npm:0.14.38"
  conditions: os=linux & cpu=arm
  languageName: node
  linkType: hard

"esbuild-linux-mips64le@npm:0.14.38":
  version: 0.14.38
  resolution: "esbuild-linux-mips64le@npm:0.14.38"
  conditions: os=linux & cpu=mips64el
  languageName: node
  linkType: hard

"esbuild-linux-ppc64le@npm:0.14.38":
  version: 0.14.38
  resolution: "esbuild-linux-ppc64le@npm:0.14.38"
  conditions: os=linux & cpu=ppc64
  languageName: node
  linkType: hard

"esbuild-linux-riscv64@npm:0.14.38":
  version: 0.14.38
  resolution: "esbuild-linux-riscv64@npm:0.14.38"
  conditions: os=linux & cpu=riscv64
  languageName: node
  linkType: hard

"esbuild-linux-s390x@npm:0.14.38":
  version: 0.14.38
  resolution: "esbuild-linux-s390x@npm:0.14.38"
  conditions: os=linux & cpu=s390x
  languageName: node
  linkType: hard

"esbuild-netbsd-64@npm:0.14.38":
  version: 0.14.38
  resolution: "esbuild-netbsd-64@npm:0.14.38"
  conditions: os=netbsd & cpu=x64
  languageName: node
  linkType: hard

"esbuild-openbsd-64@npm:0.14.38":
  version: 0.14.38
  resolution: "esbuild-openbsd-64@npm:0.14.38"
  conditions: os=openbsd & cpu=x64
  languageName: node
  linkType: hard

"esbuild-sunos-64@npm:0.14.38":
  version: 0.14.38
  resolution: "esbuild-sunos-64@npm:0.14.38"
  conditions: os=sunos & cpu=x64
  languageName: node
  linkType: hard

"esbuild-windows-32@npm:0.14.38":
  version: 0.14.38
  resolution: "esbuild-windows-32@npm:0.14.38"
  conditions: os=win32 & cpu=ia32
  languageName: node
  linkType: hard

"esbuild-windows-64@npm:0.14.38":
  version: 0.14.38
  resolution: "esbuild-windows-64@npm:0.14.38"
  conditions: os=win32 & cpu=x64
  languageName: node
  linkType: hard

"esbuild-windows-arm64@npm:0.14.38":
  version: 0.14.38
  resolution: "esbuild-windows-arm64@npm:0.14.38"
  conditions: os=win32 & cpu=arm64
  languageName: node
  linkType: hard

"esbuild@npm:^0.14.32":
  version: 0.14.38
  resolution: "esbuild@npm:0.14.38"
  dependencies:
    esbuild-android-64: 0.14.38
    esbuild-android-arm64: 0.14.38
    esbuild-darwin-64: 0.14.38
    esbuild-darwin-arm64: 0.14.38
    esbuild-freebsd-64: 0.14.38
    esbuild-freebsd-arm64: 0.14.38
    esbuild-linux-32: 0.14.38
    esbuild-linux-64: 0.14.38
    esbuild-linux-arm: 0.14.38
    esbuild-linux-arm64: 0.14.38
    esbuild-linux-mips64le: 0.14.38
    esbuild-linux-ppc64le: 0.14.38
    esbuild-linux-riscv64: 0.14.38
    esbuild-linux-s390x: 0.14.38
    esbuild-netbsd-64: 0.14.38
    esbuild-openbsd-64: 0.14.38
    esbuild-sunos-64: 0.14.38
    esbuild-windows-32: 0.14.38
    esbuild-windows-64: 0.14.38
    esbuild-windows-arm64: 0.14.38
  dependenciesMeta:
    esbuild-android-64:
      optional: true
    esbuild-android-arm64:
      optional: true
    esbuild-darwin-64:
      optional: true
    esbuild-darwin-arm64:
      optional: true
    esbuild-freebsd-64:
      optional: true
    esbuild-freebsd-arm64:
      optional: true
    esbuild-linux-32:
      optional: true
    esbuild-linux-64:
      optional: true
    esbuild-linux-arm:
      optional: true
    esbuild-linux-arm64:
      optional: true
    esbuild-linux-mips64le:
      optional: true
    esbuild-linux-ppc64le:
      optional: true
    esbuild-linux-riscv64:
      optional: true
    esbuild-linux-s390x:
      optional: true
    esbuild-netbsd-64:
      optional: true
    esbuild-openbsd-64:
      optional: true
    esbuild-sunos-64:
      optional: true
    esbuild-windows-32:
      optional: true
    esbuild-windows-64:
      optional: true
    esbuild-windows-arm64:
      optional: true
  bin:
    esbuild: bin/esbuild
  checksum: d7523a36bd28016c010829c527386dbc0c6b9f514920abf5ac8003f346665161aa61026fd6822c5091fc1c1af52fe26c9281a81740fc06f2994cdbb7c2880297
  languageName: node
  linkType: hard

"header-range-parser@npm:1.1.3, header-range-parser@npm:^1.1.3":
  version: 1.1.3
  resolution: "header-range-parser@npm:1.1.3"
  checksum: 72174d807e84a91e712e3e10d7ea27480d2bf4ca35558b6bf218a9137c7a44a3bd5b171293a4760d170b8c135ab99de194e23f18f95851c02cc84d4a2f0e3843
  languageName: node
  linkType: hard

"ipaddr.js@npm:^2.0.1":
  version: 2.0.1
  resolution: "ipaddr.js@npm:2.0.1"
  checksum: dd194a394a843d470f88d17191b0948f383ed1c8e320813f850c336a0fcb5e9215d97ec26ca35ab4fbbd31392c8b3467f3e8344628029ed3710b2ff6b5d1034e
  languageName: node
  linkType: hard

"milliparsec@npm:^2.2.1":
  version: 2.2.1
  resolution: "milliparsec@npm:2.2.1"
  checksum: 384406b730ffe8628fe01ff5adb9af23f8fb02e61a11c8274879064de19796da658d38e675cff8f47b626474b02c0cf5246683e027015c9b7ef311133d500c20
  languageName: node
  linkType: hard

"mime-db@npm:^1.50.0":
  version: 1.52.0
  resolution: "mime-db@npm:1.52.0"
  checksum: 0d99a03585f8b39d68182803b12ac601d9c01abfa28ec56204fa330bc9f3d1c5e14beb049bafadb3dbdf646dfb94b87e24d4ec7b31b7279ef906a8ea9b6a513f
  languageName: node
  linkType: hard

"negotiator@npm:^0.6.2":
  version: 0.6.3
  resolution: "negotiator@npm:0.6.3"
  checksum: b8ffeb1e262eff7968fc90a2b6767b04cfd9842582a9d0ece0af7049537266e7b2506dfb1d107a32f06dd849ab2aea834d5830f7f4d0e5cb7d36e1ae55d021d9
  languageName: node
  linkType: hard

"regexparam@npm:^2.0.0":
  version: 2.0.0
  resolution: "regexparam@npm:2.0.0"
  checksum: 8db9559041b5f5304fd224b5c87b33f12bbb97e07292e7f573a57d73690c0f2e3e2a956fefe6169527b5585d7d0828b8aecedcf61ce5fae40530185ebcae3031
  languageName: node
  linkType: hard

"tslib@npm:^1.13.0":
  version: 1.14.1
  resolution: "tslib@npm:1.14.1"
  checksum: dbe628ef87f66691d5d2959b3e41b9ca0045c3ee3c7c7b906cc1e328b39f199bb1ad9e671c39025bd56122ac57dfbf7385a94843b1cc07c60a4db74795829acd
  languageName: node
  linkType: hard
